
Microsoft Visual Studio Solution File, Format Version 12.00
# Visual Studio Version 16
VisualStudioVersion = 16.0.29709.97
MinimumVisualStudioVersion = 10.0.40219.1
Project("{9A19103F-16F7-4668-BE54-9A1E7A4F7556}") = "ConsoleApp", "ConsoleApp\ConsoleApp.csproj", "{7F070B5A-100C-4875-94CC-880F834B43C6}"
EndProject
Project("{2150E333-8FDC-42A3-9474-1A3956D46DE8}") = "Demo1", "Demo1", "{125B0996-2799-410A-84A3-ABF2704CA0AB}"
EndProject
Global
	GlobalSection(SolutionConfigurationPlatforms) = preSolution
		Debug|Any CPU = Debug|Any CPU
		Release|Any CPU = Release|Any CPU
	EndGlobalSection
	GlobalSection(ProjectConfigurationPlatforms) = postSolution
		{7F070B5A-100C-4875-94CC-880F834B43C6}.Debug|Any CPU.ActiveCfg = Debug|Any CPU
		{7F070B5A-100C-4875-94CC-880F834B43C6}.Debug|Any CPU.Build.0 = Debug|Any CPU
		{7F070B5A-100C-4875-94CC-880F834B43C6}.Release|Any CPU.ActiveCfg = Release|Any CPU
		{7F070B5A-100C-4875-94CC-880F834B43C6}.Release|Any CPU.Build.0 = Release|Any CPU
	EndGlobalSection
	GlobalSection(SolutionProperties) = preSolution
		HideSolutionNode = FALSE
	EndGlobalSection
	GlobalSection(ExtensibilityGlobals) = postSolution
		SolutionGuid = {74C7C869-59C9-4533-8A7C-9AAE54111250}
	EndGlobalSection
EndGlobal
